
Microsoft Visual Studio Solution File, Format Version 12.00
# Visual Studio Version 17
VisualStudioVersion = 17.3.32901.215
MinimumVisualStudioVersion = 10.0.40219.1
Project("{FAE04EC0-301F-11D3-BF4B-00C04F79EFBC}") = "Ejercico2_NomenclaturaCSharp", "Ejercico2_NomenclaturaCSharp\Ejercico2_NomenclaturaCSharp.csproj", "{5B4F5D46-C195-4A5A-83C8-EEEE364ED4CE}"
EndProject
Global
	GlobalSection(SolutionConfigurationPlatforms) = preSolution
		Debug|Any CPU = Debug|Any CPU
		Release|Any CPU = Release|Any CPU
	EndGlobalSection
	GlobalSection(ProjectConfigurationPlatforms) = postSolution
		{5B4F5D46-C195-4A5A-83C8-EEEE364ED4CE}.Debug|Any CPU.ActiveCfg = Debug|Any CPU
		{5B4F5D46-C195-4A5A-83C8-EEEE364ED4CE}.Debug|Any CPU.Build.0 = Debug|Any CPU
		{5B4F5D46-C195-4A5A-83C8-EEEE364ED4CE}.Release|Any CPU.ActiveCfg = Release|Any CPU
		{5B4F5D46-C195-4A5A-83C8-EEEE364ED4CE}.Release|Any CPU.Build.0 = Release|Any CPU
	EndGlobalSection
	GlobalSection(SolutionProperties) = preSolution
		HideSolutionNode = FALSE
	EndGlobalSection
	GlobalSection(ExtensibilityGlobals) = postSolution
		SolutionGuid = {E5C8BC16-699B-4DE7-9213-C54B2087050A}
	EndGlobalSection
EndGlobal
